
Microsoft Visual Studio Solution File, Format Version 12.00
# Visual Studio Version 16
VisualStudioVersion = 25.0.1705.3
MinimumVisualStudioVersion = 10.0.40219.1
Project("{FAE04EC0-301F-11D3-BF4B-00C04F79EFBC}") = "API", "API\API.csproj", "{B0F43A15-267F-4778-BAB9-AE3C879AE488}"
EndProject
Global
	GlobalSection(SolutionConfigurationPlatforms) = preSolution
		Debug|Any CPU = Debug|Any CPU
		Release|Any CPU = Release|Any CPU
	EndGlobalSection
	GlobalSection(ProjectConfigurationPlatforms) = postSolution
		{B0F43A15-267F-4778-BAB9-AE3C879AE488}.Debug|Any CPU.ActiveCfg = Debug|Any CPU
		{B0F43A15-267F-4778-BAB9-AE3C879AE488}.Debug|Any CPU.Build.0 = Debug|Any CPU
		{B0F43A15-267F-4778-BAB9-AE3C879AE488}.Release|Any CPU.ActiveCfg = Release|Any CPU
		{B0F43A15-267F-4778-BAB9-AE3C879AE488}.Release|Any CPU.Build.0 = Release|Any CPU
	EndGlobalSection
	GlobalSection(SolutionProperties) = preSolution
		HideSolutionNode = FALSE
	EndGlobalSection
	GlobalSection(ExtensibilityGlobals) = postSolution
		SolutionGuid = {27A59C24-38B6-4140-B483-795926A50886}
	EndGlobalSection
EndGlobal
